
Microsoft Visual Studio Solution File, Format Version 12.00
# Visual Studio 2012
Project("{8BC9CEB8-8B4A-11D0-8D11-00A0C91BC942}") = "RayTraceProject", "RayTraceProject\RayTraceProject.vcxproj", "{095B14A4-7E03-442A-85D2-1EBE50C5FED2}"
EndProject
Global
	GlobalSection(SolutionConfigurationPlatforms) = preSolution
		Debug|Win32 = Debug|Win32
		Release|Win32 = Release|Win32
	EndGlobalSection
	GlobalSection(ProjectConfigurationPlatforms) = postSolution
		{095B14A4-7E03-442A-85D2-1EBE50C5FED2}.Debug|Win32.ActiveCfg = Debug|Win32
		{095B14A4-7E03-442A-85D2-1EBE50C5FED2}.Debug|Win32.Build.0 = Debug|Win32
		{095B14A4-7E03-442A-85D2-1EBE50C5FED2}.Release|Win32.ActiveCfg = Release|Win32
		{095B14A4-7E03-442A-85D2-1EBE50C5FED2}.Release|Win32.Build.0 = Release|Win32
	EndGlobalSection
	GlobalSection(SolutionProperties) = preSolution
		HideSolutionNode = FALSE
	EndGlobalSection
EndGlobal
